lockfileVersion: '6.0'

dependencies:
  axios:
    specifier: ^1.4.0
    version: 1.4.0
  crypto-browserify:
    specifier: ^3.12.0
    version: registry.npmmirror.com/crypto-browserify@3.12.0
  crypto-js:
    specifier: ^4.1.1
    version: registry.npmmirror.com/crypto-js@4.1.1
  safe-buffer:
    specifier: ^5.2.1
    version: registry.npmmirror.com/safe-buffer@5.2.1

devDependencies:
  '@types/crypto-js':
    specifier: ^4.1.1
    version: registry.npmmirror.com/@types/crypto-js@4.1.1
  type-fest:
    specifier: ^3.11.1
    version: 3.11.1
  typescript:
    specifier: ^5.0.2
    version: 5.1.3
  vite:
    specifier: ^4.3.9
    version: 4.3.9

packages:

  /asynckit@0.4.0:
    resolution: {integrity: sha512-Oei9OH4tRh0YqU3GxhX79dM/mwVgvbZJaSNaRk+bshkj0S5cfHcgYakreBjrHwatXKbz+IoIdYLxrKim2MjW0Q==}
    dev: false

  /axios@1.4.0:
    resolution: {integrity: sha512-S4XCWMEmzvo64T9GfvQDOXgYRDJ/wsSZc7Jvdgx5u1sd0JwsuPLqb3SYmusag+edF6ziyMensPVqLTSc1PiSEA==}
    dependencies:
      follow-redirects: 1.15.2
      form-data: 4.0.0
      proxy-from-env: 1.1.0
    transitivePeerDependencies:
      - debug
    dev: false

  /combined-stream@1.0.8:
    resolution: {integrity: sha512-FQN4MRfuJeHf7cBbBMJFXhKSDq+2kAArBlmRBvcvFE5BB1HZKXtSFASDhdlz9zOYwxh8lDdnvmMOe/+5cdoEdg==}
    engines: {node: '>= 0.8'}
    dependencies:
      delayed-stream: 1.0.0
    dev: false

  /delayed-stream@1.0.0:
    resolution: {integrity: sha512-ZySD7Nf91aLB0RxL4KGrKHBXl7Eds1DAmEdcoVawXnLD7SDhpNgtuII2aAkg7a7QS41jxPSZ17p4VdGnMHk3MQ==}
    engines: {node: '>=0.4.0'}
    dev: false

  /esbuild@0.17.19:
    resolution: {integrity: sha512-XQ0jAPFkK/u3LcVRcvVHQcTIqD6E2H1fvZMA5dQPSOWb3suUbWbfbRf94pjc0bNzRYLfIrDRQXr7X+LHIm5oHw==}
    engines: {node: '>=12'}
    hasBin: true
    requiresBuild: true
    optionalDependencies:
      '@esbuild/android-arm': registry.npmmirror.com/@esbuild/android-arm@0.17.19
      '@esbuild/android-arm64': registry.npmmirror.com/@esbuild/android-arm64@0.17.19
      '@esbuild/android-x64': registry.npmmirror.com/@esbuild/android-x64@0.17.19
      '@esbuild/darwin-arm64': registry.npmmirror.com/@esbuild/darwin-arm64@0.17.19
      '@esbuild/darwin-x64': registry.npmmirror.com/@esbuild/darwin-x64@0.17.19
      '@esbuild/freebsd-arm64': registry.npmmirror.com/@esbuild/freebsd-arm64@0.17.19
      '@esbuild/freebsd-x64': registry.npmmirror.com/@esbuild/freebsd-x64@0.17.19
      '@esbuild/linux-arm': registry.npmmirror.com/@esbuild/linux-arm@0.17.19
      '@esbuild/linux-arm64': registry.npmmirror.com/@esbuild/linux-arm64@0.17.19
      '@esbuild/linux-ia32': registry.npmmirror.com/@esbuild/linux-ia32@0.17.19
      '@esbuild/linux-loong64': registry.npmmirror.com/@esbuild/linux-loong64@0.17.19
      '@esbuild/linux-mips64el': registry.npmmirror.com/@esbuild/linux-mips64el@0.17.19
      '@esbuild/linux-ppc64': registry.npmmirror.com/@esbuild/linux-ppc64@0.17.19
      '@esbuild/linux-riscv64': registry.npmmirror.com/@esbuild/linux-riscv64@0.17.19
      '@esbuild/linux-s390x': registry.npmmirror.com/@esbuild/linux-s390x@0.17.19
      '@esbuild/linux-x64': registry.npmmirror.com/@esbuild/linux-x64@0.17.19
      '@esbuild/netbsd-x64': registry.npmmirror.com/@esbuild/netbsd-x64@0.17.19
      '@esbuild/openbsd-x64': registry.npmmirror.com/@esbuild/openbsd-x64@0.17.19
      '@esbuild/sunos-x64': registry.npmmirror.com/@esbuild/sunos-x64@0.17.19
      '@esbuild/win32-arm64': registry.npmmirror.com/@esbuild/win32-arm64@0.17.19
      '@esbuild/win32-ia32': registry.npmmirror.com/@esbuild/win32-ia32@0.17.19
      '@esbuild/win32-x64': registry.npmmirror.com/@esbuild/win32-x64@0.17.19
    dev: true

  /follow-redirects@1.15.2:
    resolution: {integrity: sha512-VQLG33o04KaQ8uYi2tVNbdrWp1QWxNNea+nmIB4EVM28v0hmP17z7aG1+wAkNzVq4KeXTq3221ye5qTJP91JwA==}
    engines: {node: '>=4.0'}
    peerDependencies:
      debug: '*'
    peerDependenciesMeta:
      debug:
        optional: true
    dev: false

  /form-data@4.0.0:
    resolution: {integrity: sha512-ETEklSGi5t0QMZuiXoA/Q6vcnxcLQP5vdugSpuAyi6SVGi2clPPp+xgEhuMaHC+zGgn31Kd235W35f7Hykkaww==}
    engines: {node: '>= 6'}
    dependencies:
      asynckit: 0.4.0
      combined-stream: 1.0.8
      mime-types: 2.1.35
    dev: false

  /mime-db@1.52.0:
    resolution: {integrity: sha512-sPU4uV7dYlvtWJxwwxHD0PuihVNiE7TyAbQ5SWxDCB9mUYvOgroQOwYQQOKPJ8CIbE+1ETVlOoK1UC2nU3gYvg==}
    engines: {node: '>= 0.6'}
    dev: false

  /mime-types@2.1.35:
    resolution: {integrity: sha512-ZDY+bPm5zTTF+YpCrAU9nK0UgICYPT0QtT1NZWFv4s++TNkcgVaT0g6+4R2uI4MjQjzysHB1zxuWL50hzaeXiw==}
    engines: {node: '>= 0.6'}
    dependencies:
      mime-db: 1.52.0
    dev: false

  /nanoid@3.3.6:
    resolution: {integrity: sha512-BGcqMMJuToF7i1rt+2PWSNVnWIkGCU78jBG3RxO/bZlnZPK2Cmi2QaffxGO/2RvWi9sL+FAiRiXMgsyxQ1DIDA==}
    engines: {node: ^10 || ^12 || ^13.7 || ^14 || >=15.0.1}
    hasBin: true
    dev: true

  /picocolors@1.0.0:
    resolution: {integrity: sha512-1fygroTLlHu66zi26VoTDv8yRgm0Fccecssto+MhsZ0D/DGW2sm8E8AjW7NU5VVTRt5GxbeZ5qBuJr+HyLYkjQ==}
    dev: true

  /postcss@8.4.24:
    resolution: {integrity: sha512-M0RzbcI0sO/XJNucsGjvWU9ERWxb/ytp1w6dKtxTKgixdtQDq4rmx/g8W1hnaheq9jgwL/oyEdH5Bc4WwJKMqg==}
    engines: {node: ^10 || ^12 || >=14}
    dependencies:
      nanoid: 3.3.6
      picocolors: 1.0.0
      source-map-js: 1.0.2
    dev: true

  /proxy-from-env@1.1.0:
    resolution: {integrity: sha512-D+zkORCbA9f1tdWRK0RaCR3GPv50cMxcrz4X8k5LTSUD1Dkw47mKJEZQNunItRTkWwgtaUSo1RVFRIG9ZXiFYg==}
    dev: false

  /rollup@3.23.1:
    resolution: {integrity: sha512-ybRdFVHOoljGEFILHLd2g/qateqUdjE6YS41WXq4p3C/WwD3xtWxV4FYWETA1u9TeXQc5K8L8zHE5d/scOvrOQ==}
    engines: {node: '>=14.18.0', npm: '>=8.0.0'}
    hasBin: true
    optionalDependencies:
      fsevents: registry.npmmirror.com/fsevents@2.3.2
    dev: true

  /source-map-js@1.0.2:
    resolution: {integrity: sha512-R0XvVJ9WusLiqTCEiGCmICCMplcCkIwwR11mOSD9CR5u+IXYdiseeEuXCVAjS54zqwkLcPNnmU4OeJ6tUrWhDw==}
    engines: {node: '>=0.10.0'}
    dev: true

  /type-fest@3.11.1:
    resolution: {integrity: sha512-aCuRNRERRVh33lgQaJRlUxZqzfhzwTrsE98Mc3o3VXqmiaQdHacgUtJ0esp+7MvZ92qhtzKPeusaX6vIEcoreA==}
    engines: {node: '>=14.16'}
    dev: true

  /typescript@5.1.3:
    resolution: {integrity: sha512-XH627E9vkeqhlZFQuL+UsyAXEnibT0kWR2FWONlr4sTjvxyJYnyefgrkyECLzM5NenmKzRAy2rR/OlYLA1HkZw==}
    engines: {node: '>=14.17'}
    hasBin: true
    dev: true

  /vite@4.3.9:
    resolution: {integrity: sha512-qsTNZjO9NoJNW7KnOrgYwczm0WctJ8m/yqYAMAK9Lxt4SoySUfS5S8ia9K7JHpa3KEeMfyF8LoJ3c5NeBJy6pg==}
    engines: {node: ^14.18.0 || >=16.0.0}
    hasBin: true
    peerDependencies:
      '@types/node': '>= 14'
      less: '*'
      sass: '*'
      stylus: '*'
      sugarss: '*'
      terser: ^5.4.0
    peerDependenciesMeta:
      '@types/node':
        optional: true
      less:
        optional: true
      sass:
        optional: true
      stylus:
        optional: true
      sugarss:
        optional: true
      terser:
        optional: true
    dependencies:
      esbuild: 0.17.19
      postcss: 8.4.24
      rollup: 3.23.1
    optionalDependencies:
      fsevents: registry.npmmirror.com/fsevents@2.3.2
    dev: true

  registry.npmmirror.com/@esbuild/android-arm64@0.17.19:
    resolution: {integrity: sha512-KBMWvEZooR7+kzY0BtbTQn0OAYY7CsiydT63pVEaPtVYF0hXbUaOyZog37DKxK7NF3XacBJOpYT4adIJh+avxA==, registry: https://registry.npm.taobao.org/, tarball: https://registry.npmmirror.com/@esbuild/android-arm64/-/android-arm64-0.17.19.tgz}
    name: '@esbuild/android-arm64'
    version: 0.17.19
    engines: {node: '>=12'}
    cpu: [arm64]
    os: [android]
    requiresBuild: true
    dev: true
    optional: true

  registry.npmmirror.com/@esbuild/android-arm@0.17.19:
    resolution: {integrity: sha512-rIKddzqhmav7MSmoFCmDIb6e2W57geRsM94gV2l38fzhXMwq7hZoClug9USI2pFRGL06f4IOPHHpFNOkWieR8A==, registry: https://registry.npm.taobao.org/, tarball: https://registry.npmmirror.com/@esbuild/android-arm/-/android-arm-0.17.19.tgz}
    name: '@esbuild/android-arm'
    version: 0.17.19
    engines: {node: '>=12'}
    cpu: [arm]
    os: [android]
    requiresBuild: true
    dev: true
    optional: true

  registry.npmmirror.com/@esbuild/android-x64@0.17.19:
    resolution: {integrity: sha512-uUTTc4xGNDT7YSArp/zbtmbhO0uEEK9/ETW29Wk1thYUJBz3IVnvgEiEwEa9IeLyvnpKrWK64Utw2bgUmDveww==, registry: https://registry.npm.taobao.org/, tarball: https://registry.npmmirror.com/@esbuild/android-x64/-/android-x64-0.17.19.tgz}
    name: '@esbuild/android-x64'
    version: 0.17.19
    engines: {node: '>=12'}
    cpu: [x64]
    os: [android]
    requiresBuild: true
    dev: true
    optional: true

  registry.npmmirror.com/@esbuild/darwin-arm64@0.17.19:
    resolution: {integrity: sha512-80wEoCfF/hFKM6WE1FyBHc9SfUblloAWx6FJkFWTWiCoht9Mc0ARGEM47e67W9rI09YoUxJL68WHfDRYEAvOhg==, registry: https://registry.npm.taobao.org/, tarball: https://registry.npmmirror.com/@esbuild/darwin-arm64/-/darwin-arm64-0.17.19.tgz}
    name: '@esbuild/darwin-arm64'
    version: 0.17.19
    engines: {node: '>=12'}
    cpu: [arm64]
    os: [darwin]
    requiresBuild: true
    dev: true
    optional: true

  registry.npmmirror.com/@esbuild/darwin-x64@0.17.19:
    resolution: {integrity: sha512-IJM4JJsLhRYr9xdtLytPLSH9k/oxR3boaUIYiHkAawtwNOXKE8KoU8tMvryogdcT8AU+Bflmh81Xn6Q0vTZbQw==, registry: https://registry.npm.taobao.org/, tarball: https://registry.npmmirror.com/@esbuild/darwin-x64/-/darwin-x64-0.17.19.tgz}
    name: '@esbuild/darwin-x64'
    version: 0.17.19
    engines: {node: '>=12'}
    cpu: [x64]
    os: [darwin]
    requiresBuild: true
    dev: true
    optional: true

  registry.npmmirror.com/@esbuild/freebsd-arm64@0.17.19:
    resolution: {integrity: sha512-pBwbc7DufluUeGdjSU5Si+P3SoMF5DQ/F/UmTSb8HXO80ZEAJmrykPyzo1IfNbAoaqw48YRpv8shwd1NoI0jcQ==, registry: https://registry.npm.taobao.org/, tarball: https://registry.npmmirror.com/@esbuild/freebsd-arm64/-/freebsd-arm64-0.17.19.tgz}
    name: '@esbuild/freebsd-arm64'
    version: 0.17.19
    engines: {node: '>=12'}
    cpu: [arm64]
    os: [freebsd]
    requiresBuild: true
    dev: true
    optional: true

  registry.npmmirror.com/@esbuild/freebsd-x64@0.17.19:
    resolution: {integrity: sha512-4lu+n8Wk0XlajEhbEffdy2xy53dpR06SlzvhGByyg36qJw6Kpfk7cp45DR/62aPH9mtJRmIyrXAS5UWBrJT6TQ==, registry: https://registry.npm.taobao.org/, tarball: https://registry.npmmirror.com/@esbuild/freebsd-x64/-/freebsd-x64-0.17.19.tgz}
    name: '@esbuild/freebsd-x64'
    version: 0.17.19
    engines: {node: '>=12'}
    cpu: [x64]
    os: [freebsd]
    requiresBuild: true
    dev: true
    optional: true

  registry.npmmirror.com/@esbuild/linux-arm64@0.17.19:
    resolution: {integrity: sha512-ct1Tg3WGwd3P+oZYqic+YZF4snNl2bsnMKRkb3ozHmnM0dGWuxcPTTntAF6bOP0Sp4x0PjSF+4uHQ1xvxfRKqg==, registry: https://registry.npm.taobao.org/, tarball: https://registry.npmmirror.com/@esbuild/linux-arm64/-/linux-arm64-0.17.19.tgz}
    name: '@esbuild/linux-arm64'
    version: 0.17.19
    engines: {node: '>=12'}
    cpu: [arm64]
    os: [linux]
    requiresBuild: true
    dev: true
    optional: true

  registry.npmmirror.com/@esbuild/linux-arm@0.17.19:
    resolution: {integrity: sha512-cdmT3KxjlOQ/gZ2cjfrQOtmhG4HJs6hhvm3mWSRDPtZ/lP5oe8FWceS10JaSJC13GBd4eH/haHnqf7hhGNLerA==, registry: https://registry.npm.taobao.org/, tarball: https://registry.npmmirror.com/@esbuild/linux-arm/-/linux-arm-0.17.19.tgz}
    name: '@esbuild/linux-arm'
    version: 0.17.19
    engines: {node: '>=12'}
    cpu: [arm]
    os: [linux]
    requiresBuild: true
    dev: true
    optional: true

  registry.npmmirror.com/@esbuild/linux-ia32@0.17.19:
    resolution: {integrity: sha512-w4IRhSy1VbsNxHRQpeGCHEmibqdTUx61Vc38APcsRbuVgK0OPEnQ0YD39Brymn96mOx48Y2laBQGqgZ0j9w6SQ==, registry: https://registry.npm.taobao.org/, tarball: https://registry.npmmirror.com/@esbuild/linux-ia32/-/linux-ia32-0.17.19.tgz}
    name: '@esbuild/linux-ia32'
    version: 0.17.19
    engines: {node: '>=12'}
    cpu: [ia32]
    os: [linux]
    requiresBuild: true
    dev: true
    optional: true

  registry.npmmirror.com/@esbuild/linux-loong64@0.17.19:
    resolution: {integrity: sha512-2iAngUbBPMq439a+z//gE+9WBldoMp1s5GWsUSgqHLzLJ9WoZLZhpwWuym0u0u/4XmZ3gpHmzV84PonE+9IIdQ==, registry: https://registry.npm.taobao.org/, tarball: https://registry.npmmirror.com/@esbuild/linux-loong64/-/linux-loong64-0.17.19.tgz}
    name: '@esbuild/linux-loong64'
    version: 0.17.19
    engines: {node: '>=12'}
    cpu: [loong64]
    os: [linux]
    requiresBuild: true
    dev: true
    optional: true

  registry.npmmirror.com/@esbuild/linux-mips64el@0.17.19:
    resolution: {integrity: sha512-LKJltc4LVdMKHsrFe4MGNPp0hqDFA1Wpt3jE1gEyM3nKUvOiO//9PheZZHfYRfYl6AwdTH4aTcXSqBerX0ml4A==, registry: https://registry.npm.taobao.org/, tarball: https://registry.npmmirror.com/@esbuild/linux-mips64el/-/linux-mips64el-0.17.19.tgz}
    name: '@esbuild/linux-mips64el'
    version: 0.17.19
    engines: {node: '>=12'}
    cpu: [mips64el]
    os: [linux]
    requiresBuild: true
    dev: true
    optional: true

  registry.npmmirror.com/@esbuild/linux-ppc64@0.17.19:
    resolution: {integrity: sha512-/c/DGybs95WXNS8y3Ti/ytqETiW7EU44MEKuCAcpPto3YjQbyK3IQVKfF6nbghD7EcLUGl0NbiL5Rt5DMhn5tg==, registry: https://registry.npm.taobao.org/, tarball: https://registry.npmmirror.com/@esbuild/linux-ppc64/-/linux-ppc64-0.17.19.tgz}
    name: '@esbuild/linux-ppc64'
    version: 0.17.19
    engines: {node: '>=12'}
    cpu: [ppc64]
    os: [linux]
    requiresBuild: true
    dev: true
    optional: true

  registry.npmmirror.com/@esbuild/linux-riscv64@0.17.19:
    resolution: {integrity: sha512-FC3nUAWhvFoutlhAkgHf8f5HwFWUL6bYdvLc/TTuxKlvLi3+pPzdZiFKSWz/PF30TB1K19SuCxDTI5KcqASJqA==, registry: https://registry.npm.taobao.org/, tarball: https://registry.npmmirror.com/@esbuild/linux-riscv64/-/linux-riscv64-0.17.19.tgz}
    name: '@esbuild/linux-riscv64'
    version: 0.17.19
    engines: {node: '>=12'}
    cpu: [riscv64]
    os: [linux]
    requiresBuild: true
    dev: true
    optional: true

  registry.npmmirror.com/@esbuild/linux-s390x@0.17.19:
    resolution: {integrity: sha512-IbFsFbxMWLuKEbH+7sTkKzL6NJmG2vRyy6K7JJo55w+8xDk7RElYn6xvXtDW8HCfoKBFK69f3pgBJSUSQPr+4Q==, registry: https://registry.npm.taobao.org/, tarball: https://registry.npmmirror.com/@esbuild/linux-s390x/-/linux-s390x-0.17.19.tgz}
    name: '@esbuild/linux-s390x'
    version: 0.17.19
    engines: {node: '>=12'}
    cpu: [s390x]
    os: [linux]
    requiresBuild: true
    dev: true
    optional: true

  registry.npmmirror.com/@esbuild/linux-x64@0.17.19:
    resolution: {integrity: sha512-68ngA9lg2H6zkZcyp22tsVt38mlhWde8l3eJLWkyLrp4HwMUr3c1s/M2t7+kHIhvMjglIBrFpncX1SzMckomGw==, registry: https://registry.npm.taobao.org/, tarball: https://registry.npmmirror.com/@esbuild/linux-x64/-/linux-x64-0.17.19.tgz}
    name: '@esbuild/linux-x64'
    version: 0.17.19
    engines: {node: '>=12'}
    cpu: [x64]
    os: [linux]
    requiresBuild: true
    dev: true
    optional: true

  registry.npmmirror.com/@esbuild/netbsd-x64@0.17.19:
    resolution: {integrity: sha512-CwFq42rXCR8TYIjIfpXCbRX0rp1jo6cPIUPSaWwzbVI4aOfX96OXY8M6KNmtPcg7QjYeDmN+DD0Wp3LaBOLf4Q==, registry: https://registry.npm.taobao.org/, tarball: https://registry.npmmirror.com/@esbuild/netbsd-x64/-/netbsd-x64-0.17.19.tgz}
    name: '@esbuild/netbsd-x64'
    version: 0.17.19
    engines: {node: '>=12'}
    cpu: [x64]
    os: [netbsd]
    requiresBuild: true
    dev: true
    optional: true

  registry.npmmirror.com/@esbuild/openbsd-x64@0.17.19:
    resolution: {integrity: sha512-cnq5brJYrSZ2CF6c35eCmviIN3k3RczmHz8eYaVlNasVqsNY+JKohZU5MKmaOI+KkllCdzOKKdPs762VCPC20g==, registry: https://registry.npm.taobao.org/, tarball: https://registry.npmmirror.com/@esbuild/openbsd-x64/-/openbsd-x64-0.17.19.tgz}
    name: '@esbuild/openbsd-x64'
    version: 0.17.19
    engines: {node: '>=12'}
    cpu: [x64]
    os: [openbsd]
    requiresBuild: true
    dev: true
    optional: true

  registry.npmmirror.com/@esbuild/sunos-x64@0.17.19:
    resolution: {integrity: sha512-vCRT7yP3zX+bKWFeP/zdS6SqdWB8OIpaRq/mbXQxTGHnIxspRtigpkUcDMlSCOejlHowLqII7K2JKevwyRP2rg==, registry: https://registry.npm.taobao.org/, tarball: https://registry.npmmirror.com/@esbuild/sunos-x64/-/sunos-x64-0.17.19.tgz}
    name: '@esbuild/sunos-x64'
    version: 0.17.19
    engines: {node: '>=12'}
    cpu: [x64]
    os: [sunos]
    requiresBuild: true
    dev: true
    optional: true

  registry.npmmirror.com/@esbuild/win32-arm64@0.17.19:
    resolution: {integrity: sha512-yYx+8jwowUstVdorcMdNlzklLYhPxjniHWFKgRqH7IFlUEa0Umu3KuYplf1HUZZ422e3NU9F4LGb+4O0Kdcaag==, registry: https://registry.npm.taobao.org/, tarball: https://registry.npmmirror.com/@esbuild/win32-arm64/-/win32-arm64-0.17.19.tgz}
    name: '@esbuild/win32-arm64'
    version: 0.17.19
    engines: {node: '>=12'}
    cpu: [arm64]
    os: [win32]
    requiresBuild: true
    dev: true
    optional: true

  registry.npmmirror.com/@esbuild/win32-ia32@0.17.19:
    resolution: {integrity: sha512-eggDKanJszUtCdlVs0RB+h35wNlb5v4TWEkq4vZcmVt5u/HiDZrTXe2bWFQUez3RgNHwx/x4sk5++4NSSicKkw==, registry: https://registry.npm.taobao.org/, tarball: https://registry.npmmirror.com/@esbuild/win32-ia32/-/win32-ia32-0.17.19.tgz}
    name: '@esbuild/win32-ia32'
    version: 0.17.19
    engines: {node: '>=12'}
    cpu: [ia32]
    os: [win32]
    requiresBuild: true
    dev: true
    optional: true

  registry.npmmirror.com/@esbuild/win32-x64@0.17.19:
    resolution: {integrity: sha512-lAhycmKnVOuRYNtRtatQR1LPQf2oYCkRGkSFnseDAKPl8lu5SOsK/e1sXe5a0Pc5kHIHe6P2I/ilntNv2xf3cA==, registry: https://registry.npm.taobao.org/, tarball: https://registry.npmmirror.com/@esbuild/win32-x64/-/win32-x64-0.17.19.tgz}
    name: '@esbuild/win32-x64'
    version: 0.17.19
    engines: {node: '>=12'}
    cpu: [x64]
    os: [win32]
    requiresBuild: true
    dev: true
    optional: true

  registry.npmmirror.com/@types/crypto-js@4.1.1:
    resolution: {integrity: sha512-BG7fQKZ689HIoc5h+6D2Dgq1fABRa0RbBWKBd9SP/MVRVXROflpm5fhwyATX5duFmbStzyzyycPB8qUYKDH3NA==, registry: https://registry.npm.taobao.org/, tarball: https://registry.npmmirror.com/@types/crypto-js/-/crypto-js-4.1.1.tgz}
    name: '@types/crypto-js'
    version: 4.1.1
    dev: true

  registry.npmmirror.com/asn1.js@5.4.1:
    resolution: {integrity: sha512-+I//4cYPccV8LdmBLiX8CYvf9Sp3vQsrqu2QNXRcrbiWvcx/UdlFiqUJJzxRQxgsZmvhXhn4cSKeSmoFjVdupA==, registry: https://registry.npm.taobao.org/, tarball: https://registry.npmmirror.com/asn1.js/-/asn1.js-5.4.1.tgz}
    name: asn1.js
    version: 5.4.1
    dependencies:
      bn.js: registry.npmmirror.com/bn.js@4.12.0
      inherits: registry.npmmirror.com/inherits@2.0.4
      minimalistic-assert: registry.npmmirror.com/minimalistic-assert@1.0.1
      safer-buffer: registry.npmmirror.com/safer-buffer@2.1.2
    dev: false

  registry.npmmirror.com/bn.js@4.12.0:
    resolution: {integrity: sha512-c98Bf3tPniI+scsdk237ku1Dc3ujXQTSgyiPUDEOe7tRkhrqridvh8klBv0HCEso1OLOYcHuCv/cS6DNxKH+ZA==, registry: https://registry.npm.taobao.org/, tarball: https://registry.npmmirror.com/bn.js/-/bn.js-4.12.0.tgz}
    name: bn.js
    version: 4.12.0
    dev: false

  registry.npmmirror.com/bn.js@5.2.1:
    resolution: {integrity: sha512-eXRvHzWyYPBuB4NBy0cmYQjGitUrtqwbvlzP3G6VFnNRbsZQIxQ10PbKKHt8gZ/HW/D/747aDl+QkDqg3KQLMQ==, registry: https://registry.npm.taobao.org/, tarball: https://registry.npmmirror.com/bn.js/-/bn.js-5.2.1.tgz}
    name: bn.js
    version: 5.2.1
    dev: false

  registry.npmmirror.com/brorand@1.1.0:
    resolution: {integrity: sha512-cKV8tMCEpQs4hK/ik71d6LrPOnpkpGBR0wzxqr68g2m/LB2GxVYQroAjMJZRVM1Y4BCjCKc3vAamxSzOY2RP+w==, registry: https://registry.npm.taobao.org/, tarball: https://registry.npmmirror.com/brorand/-/brorand-1.1.0.tgz}
    name: brorand
    version: 1.1.0
    dev: false

  registry.npmmirror.com/browserify-aes@1.2.0:
    resolution: {integrity: sha512-+7CHXqGuspUn/Sl5aO7Ea0xWGAtETPXNSAjHo48JfLdPWcMng33Xe4znFvQweqc/uzk5zSOI3H52CYnjCfb5hA==, registry: https://registry.npm.taobao.org/, tarball: https://registry.npmmirror.com/browserify-aes/-/browserify-aes-1.2.0.tgz}
    name: browserify-aes
    version: 1.2.0
    dependencies:
      buffer-xor: registry.npmmirror.com/buffer-xor@1.0.3
      cipher-base: registry.npmmirror.com/cipher-base@1.0.4
      create-hash: registry.npmmirror.com/create-hash@1.2.0
      evp_bytestokey: registry.npmmirror.com/evp_bytestokey@1.0.3
      inherits: registry.npmmirror.com/inherits@2.0.4
      safe-buffer: registry.npmmirror.com/safe-buffer@5.2.1
    dev: false

  registry.npmmirror.com/browserify-cipher@1.0.1:
    resolution: {integrity: sha512-sPhkz0ARKbf4rRQt2hTpAHqn47X3llLkUGn+xEJzLjwY8LRs2p0v7ljvI5EyoRO/mexrNunNECisZs+gw2zz1w==, registry: https://registry.npm.taobao.org/, tarball: https://registry.npmmirror.com/browserify-cipher/-/browserify-cipher-1.0.1.tgz}
    name: browserify-cipher
    version: 1.0.1
    dependencies:
      browserify-aes: registry.npmmirror.com/browserify-aes@1.2.0
      browserify-des: registry.npmmirror.com/browserify-des@1.0.2
      evp_bytestokey: registry.npmmirror.com/evp_bytestokey@1.0.3
    dev: false

  registry.npmmirror.com/browserify-des@1.0.2:
    resolution: {integrity: sha512-BioO1xf3hFwz4kc6iBhI3ieDFompMhrMlnDFC4/0/vd5MokpuAc3R+LYbwTA9A5Yc9pq9UYPqffKpW2ObuwX5A==, registry: https://registry.npm.taobao.org/, tarball: https://registry.npmmirror.com/browserify-des/-/browserify-des-1.0.2.tgz}
    name: browserify-des
    version: 1.0.2
    dependencies:
      cipher-base: registry.npmmirror.com/cipher-base@1.0.4
      des.js: registry.npmmirror.com/des.js@1.1.0
      inherits: registry.npmmirror.com/inherits@2.0.4
      safe-buffer: registry.npmmirror.com/safe-buffer@5.2.1
    dev: false

  registry.npmmirror.com/browserify-rsa@4.1.0:
    resolution: {integrity: sha512-AdEER0Hkspgno2aR97SAf6vi0y0k8NuOpGnVH3O99rcA5Q6sh8QxcngtHuJ6uXwnfAXNM4Gn1Gb7/MV1+Ymbog==, registry: https://registry.npm.taobao.org/, tarball: https://registry.npmmirror.com/browserify-rsa/-/browserify-rsa-4.1.0.tgz}
    name: browserify-rsa
    version: 4.1.0
    dependencies:
      bn.js: registry.npmmirror.com/bn.js@5.2.1
      randombytes: registry.npmmirror.com/randombytes@2.1.0
    dev: false

  registry.npmmirror.com/browserify-sign@4.2.1:
    resolution: {integrity: sha512-/vrA5fguVAKKAVTNJjgSm1tRQDHUU6DbwO9IROu/0WAzC8PKhucDSh18J0RMvVeHAn5puMd+QHC2erPRNf8lmg==, registry: https://registry.npm.taobao.org/, tarball: https://registry.npmmirror.com/browserify-sign/-/browserify-sign-4.2.1.tgz}
    name: browserify-sign
    version: 4.2.1
    dependencies:
      bn.js: registry.npmmirror.com/bn.js@5.2.1
      browserify-rsa: registry.npmmirror.com/browserify-rsa@4.1.0
      create-hash: registry.npmmirror.com/create-hash@1.2.0
      create-hmac: registry.npmmirror.com/create-hmac@1.1.7
      elliptic: registry.npmmirror.com/elliptic@6.5.4
      inherits: registry.npmmirror.com/inherits@2.0.4
      parse-asn1: registry.npmmirror.com/parse-asn1@5.1.6
      readable-stream: registry.npmmirror.com/readable-stream@3.6.2
      safe-buffer: registry.npmmirror.com/safe-buffer@5.2.1
    dev: false

  registry.npmmirror.com/buffer-xor@1.0.3:
    resolution: {integrity: sha512-571s0T7nZWK6vB67HI5dyUF7wXiNcfaPPPTl6zYCNApANjIvYJTg7hlud/+cJpdAhS7dVzqMLmfhfHR3rAcOjQ==, registry: https://registry.npm.taobao.org/, tarball: https://registry.npmmirror.com/buffer-xor/-/buffer-xor-1.0.3.tgz}
    name: buffer-xor
    version: 1.0.3
    dev: false

  registry.npmmirror.com/cipher-base@1.0.4:
    resolution: {integrity: sha512-Kkht5ye6ZGmwv40uUDZztayT2ThLQGfnj/T71N/XzeZeo3nf8foyW7zGTsPYkEya3m5f3cAypH+qe7YOrM1U2Q==, registry: https://registry.npm.taobao.org/, tarball: https://registry.npmmirror.com/cipher-base/-/cipher-base-1.0.4.tgz}
    name: cipher-base
    version: 1.0.4
    dependencies:
      inherits: registry.npmmirror.com/inherits@2.0.4
      safe-buffer: registry.npmmirror.com/safe-buffer@5.2.1
    dev: false

  registry.npmmirror.com/create-ecdh@4.0.4:
    resolution: {integrity: sha512-mf+TCx8wWc9VpuxfP2ht0iSISLZnt0JgWlrOKZiNqyUZWnjIaCIVNQArMHnCZKfEYRg6IM7A+NeJoN8gf/Ws0A==, registry: https://registry.npm.taobao.org/, tarball: https://registry.npmmirror.com/create-ecdh/-/create-ecdh-4.0.4.tgz}
    name: create-ecdh
    version: 4.0.4
    dependencies:
      bn.js: registry.npmmirror.com/bn.js@4.12.0
      elliptic: registry.npmmirror.com/elliptic@6.5.4
    dev: false

  registry.npmmirror.com/create-hash@1.2.0:
    resolution: {integrity: sha512-z00bCGNHDG8mHAkP7CtT1qVu+bFQUPjYq/4Iv3C3kWjTFV10zIjfSoeqXo9Asws8gwSHDGj/hl2u4OGIjapeCg==, registry: https://registry.npm.taobao.org/, tarball: https://registry.npmmirror.com/create-hash/-/create-hash-1.2.0.tgz}
    name: create-hash
    version: 1.2.0
    dependencies:
      cipher-base: registry.npmmirror.com/cipher-base@1.0.4
      inherits: registry.npmmirror.com/inherits@2.0.4
      md5.js: registry.npmmirror.com/md5.js@1.3.5
      ripemd160: registry.npmmirror.com/ripemd160@2.0.2
      sha.js: registry.npmmirror.com/sha.js@2.4.11
    dev: false

  registry.npmmirror.com/create-hmac@1.1.7:
    resolution: {integrity: sha512-MJG9liiZ+ogc4TzUwuvbER1JRdgvUFSB5+VR/g5h82fGaIRWMWddtKBHi7/sVhfjQZ6SehlyhvQYrcYkaUIpLg==, registry: https://registry.npm.taobao.org/, tarball: https://registry.npmmirror.com/create-hmac/-/create-hmac-1.1.7.tgz}
    name: create-hmac
    version: 1.1.7
    dependencies:
      cipher-base: registry.npmmirror.com/cipher-base@1.0.4
      create-hash: registry.npmmirror.com/create-hash@1.2.0
      inherits: registry.npmmirror.com/inherits@2.0.4
      ripemd160: registry.npmmirror.com/ripemd160@2.0.2
      safe-buffer: registry.npmmirror.com/safe-buffer@5.2.1
      sha.js: registry.npmmirror.com/sha.js@2.4.11
    dev: false

  registry.npmmirror.com/crypto-browserify@3.12.0:
    resolution: {integrity: sha512-fz4spIh+znjO2VjL+IdhEpRJ3YN6sMzITSBijk6FK2UvTqruSQW+/cCZTSNsMiZNvUeq0CqurF+dAbyiGOY6Wg==, registry: https://registry.npm.taobao.org/, tarball: https://registry.npmmirror.com/crypto-browserify/-/crypto-browserify-3.12.0.tgz}
    name: crypto-browserify
    version: 3.12.0
    dependencies:
      browserify-cipher: registry.npmmirror.com/browserify-cipher@1.0.1
      browserify-sign: registry.npmmirror.com/browserify-sign@4.2.1
      create-ecdh: registry.npmmirror.com/create-ecdh@4.0.4
      create-hash: registry.npmmirror.com/create-hash@1.2.0
      create-hmac: registry.npmmirror.com/create-hmac@1.1.7
      diffie-hellman: registry.npmmirror.com/diffie-hellman@5.0.3
      inherits: registry.npmmirror.com/inherits@2.0.4
      pbkdf2: registry.npmmirror.com/pbkdf2@3.1.2
      public-encrypt: registry.npmmirror.com/public-encrypt@4.0.3
      randombytes: registry.npmmirror.com/randombytes@2.1.0
      randomfill: registry.npmmirror.com/randomfill@1.0.4
    dev: false

  registry.npmmirror.com/crypto-js@4.1.1:
    resolution: {integrity: sha512-o2JlM7ydqd3Qk9CA0L4NL6mTzU2sdx96a+oOfPu8Mkl/PK51vSyoi8/rQ8NknZtk44vq15lmhAj9CIAGwgeWKw==, registry: https://registry.npm.taobao.org/, tarball: https://registry.npmmirror.com/crypto-js/-/crypto-js-4.1.1.tgz}
    name: crypto-js
    version: 4.1.1
    dev: false

  registry.npmmirror.com/des.js@1.1.0:
    resolution: {integrity: sha512-r17GxjhUCjSRy8aiJpr8/UadFIzMzJGexI3Nmz4ADi9LYSFx4gTBp80+NaX/YsXWWLhpZ7v/v/ubEc/bCNfKwg==, registry: https://registry.npm.taobao.org/, tarball: https://registry.npmmirror.com/des.js/-/des.js-1.1.0.tgz}
    name: des.js
    version: 1.1.0
    dependencies:
      inherits: registry.npmmirror.com/inherits@2.0.4
      minimalistic-assert: registry.npmmirror.com/minimalistic-assert@1.0.1
    dev: false

  registry.npmmirror.com/diffie-hellman@5.0.3:
    resolution: {integrity: sha512-kqag/Nl+f3GwyK25fhUMYj81BUOrZ9IuJsjIcDE5icNM9FJHAVm3VcUDxdLPoQtTuUylWm6ZIknYJwwaPxsUzg==, registry: https://registry.npm.taobao.org/, tarball: https://registry.npmmirror.com/diffie-hellman/-/diffie-hellman-5.0.3.tgz}
    name: diffie-hellman
    version: 5.0.3
    dependencies:
      bn.js: registry.npmmirror.com/bn.js@4.12.0
      miller-rabin: registry.npmmirror.com/miller-rabin@4.0.1
      randombytes: registry.npmmirror.com/randombytes@2.1.0
    dev: false

  registry.npmmirror.com/elliptic@6.5.4:
    resolution: {integrity: sha512-iLhC6ULemrljPZb+QutR5TQGB+pdW6KGD5RSegS+8sorOZT+rdQFbsQFJgvN3eRqNALqJer4oQ16YvJHlU8hzQ==, registry: https://registry.npm.taobao.org/, tarball: https://registry.npmmirror.com/elliptic/-/elliptic-6.5.4.tgz}
    name: elliptic
    version: 6.5.4
    dependencies:
      bn.js: registry.npmmirror.com/bn.js@4.12.0
      brorand: registry.npmmirror.com/brorand@1.1.0
      hash.js: registry.npmmirror.com/hash.js@1.1.7
      hmac-drbg: registry.npmmirror.com/hmac-drbg@1.0.1
      inherits: registry.npmmirror.com/inherits@2.0.4
      minimalistic-assert: registry.npmmirror.com/minimalistic-assert@1.0.1
      minimalistic-crypto-utils: registry.npmmirror.com/minimalistic-crypto-utils@1.0.1
    dev: false

  registry.npmmirror.com/evp_bytestokey@1.0.3:
    resolution: {integrity: sha512-/f2Go4TognH/KvCISP7OUsHn85hT9nUkxxA9BEWxFn+Oj9o8ZNLm/40hdlgSLyuOimsrTKLUMEorQexp/aPQeA==, registry: https://registry.npm.taobao.org/, tarball: https://registry.npmmirror.com/evp_bytestokey/-/evp_bytestokey-1.0.3.tgz}
    name: evp_bytestokey
    version: 1.0.3
    dependencies:
      md5.js: registry.npmmirror.com/md5.js@1.3.5
      safe-buffer: registry.npmmirror.com/safe-buffer@5.2.1
    dev: false

  registry.npmmirror.com/fsevents@2.3.2:
    resolution: {integrity: sha512-xiqMQR4xAeHTuB9uWm+fFRcIOgKBMiOBP+eXiyT7jsgVCq1bkVygt00oASowB7EdtpOHaaPgKt812P9ab+DDKA==, registry: https://registry.npm.taobao.org/, tarball: https://registry.npmmirror.com/fsevents/-/fsevents-2.3.2.tgz}
    name: fsevents
    version: 2.3.2
    engines: {node: ^8.16.0 || ^10.6.0 || >=11.0.0}
    os: [darwin]
    requiresBuild: true
    dev: true
    optional: true

  registry.npmmirror.com/hash-base@3.1.0:
    resolution: {integrity: sha512-1nmYp/rhMDiE7AYkDw+lLwlAzz0AntGIe51F3RfFfEqyQ3feY2eI/NcwC6umIQVOASPMsWJLJScWKSSvzL9IVA==, registry: https://registry.npm.taobao.org/, tarball: https://registry.npmmirror.com/hash-base/-/hash-base-3.1.0.tgz}
    name: hash-base
    version: 3.1.0
    engines: {node: '>=4'}
    dependencies:
      inherits: registry.npmmirror.com/inherits@2.0.4
      readable-stream: registry.npmmirror.com/readable-stream@3.6.2
      safe-buffer: registry.npmmirror.com/safe-buffer@5.2.1
    dev: false

  registry.npmmirror.com/hash.js@1.1.7:
    resolution: {integrity: sha512-taOaskGt4z4SOANNseOviYDvjEJinIkRgmp7LbKP2YTTmVxWBl87s/uzK9r+44BclBSp2X7K1hqeNfz9JbBeXA==, registry: https://registry.npm.taobao.org/, tarball: https://registry.npmmirror.com/hash.js/-/hash.js-1.1.7.tgz}
    name: hash.js
    version: 1.1.7
    dependencies:
      inherits: registry.npmmirror.com/inherits@2.0.4
      minimalistic-assert: registry.npmmirror.com/minimalistic-assert@1.0.1
    dev: false

  registry.npmmirror.com/hmac-drbg@1.0.1:
    resolution: {integrity: sha512-Tti3gMqLdZfhOQY1Mzf/AanLiqh1WTiJgEj26ZuYQ9fbkLomzGchCws4FyrSd4VkpBfiNhaE1On+lOz894jvXg==, registry: https://registry.npm.taobao.org/, tarball: https://registry.npmmirror.com/hmac-drbg/-/hmac-drbg-1.0.1.tgz}
    name: hmac-drbg
    version: 1.0.1
    dependencies:
      hash.js: registry.npmmirror.com/hash.js@1.1.7
      minimalistic-assert: registry.npmmirror.com/minimalistic-assert@1.0.1
      minimalistic-crypto-utils: registry.npmmirror.com/minimalistic-crypto-utils@1.0.1
    dev: false

  registry.npmmirror.com/inherits@2.0.4:
    resolution: {integrity: sha512-k/vGaX4/Yla3WzyMCvTQOXYeIHvqOKtnqBduzTHpzpQZzAskKMhZ2K+EnBiSM9zGSoIFeMpXKxa4dYeZIQqewQ==, registry: https://registry.npm.taobao.org/, tarball: https://registry.npmmirror.com/inherits/-/inherits-2.0.4.tgz}
    name: inherits
    version: 2.0.4
    dev: false

  registry.npmmirror.com/md5.js@1.3.5:
    resolution: {integrity: sha512-xitP+WxNPcTTOgnTJcrhM0xvdPepipPSf3I8EIpGKeFLjt3PlJLIDG3u8EX53ZIubkb+5U2+3rELYpEhHhzdkg==, registry: https://registry.npm.taobao.org/, tarball: https://registry.npmmirror.com/md5.js/-/md5.js-1.3.5.tgz}
    name: md5.js
    version: 1.3.5
    dependencies:
      hash-base: registry.npmmirror.com/hash-base@3.1.0
      inherits: registry.npmmirror.com/inherits@2.0.4
      safe-buffer: registry.npmmirror.com/safe-buffer@5.2.1
    dev: false

  registry.npmmirror.com/miller-rabin@4.0.1:
    resolution: {integrity: sha512-115fLhvZVqWwHPbClyntxEVfVDfl9DLLTuJvq3g2O/Oxi8AiNouAHvDSzHS0viUJc+V5vm3eq91Xwqn9dp4jRA==, registry: https://registry.npm.taobao.org/, tarball: https://registry.npmmirror.com/miller-rabin/-/miller-rabin-4.0.1.tgz}
    name: miller-rabin
    version: 4.0.1
    hasBin: true
    dependencies:
      bn.js: registry.npmmirror.com/bn.js@4.12.0
      brorand: registry.npmmirror.com/brorand@1.1.0
    dev: false

  registry.npmmirror.com/minimalistic-assert@1.0.1:
    resolution: {integrity: sha512-UtJcAD4yEaGtjPezWuO9wC4nwUnVH/8/Im3yEHQP4b67cXlD/Qr9hdITCU1xDbSEXg2XKNaP8jsReV7vQd00/A==, registry: https://registry.npm.taobao.org/, tarball: https://registry.npmmirror.com/minimalistic-assert/-/minimalistic-assert-1.0.1.tgz}
    name: minimalistic-assert
    version: 1.0.1
    dev: false

  registry.npmmirror.com/minimalistic-crypto-utils@1.0.1:
    resolution: {integrity: sha512-JIYlbt6g8i5jKfJ3xz7rF0LXmv2TkDxBLUkiBeZ7bAx4GnnNMr8xFpGnOxn6GhTEHx3SjRrZEoU+j04prX1ktg==, registry: https://registry.npm.taobao.org/, tarball: https://registry.npmmirror.com/minimalistic-crypto-utils/-/minimalistic-crypto-utils-1.0.1.tgz}
    name: minimalistic-crypto-utils
    version: 1.0.1
    dev: false

  registry.npmmirror.com/parse-asn1@5.1.6:
    resolution: {integrity: sha512-RnZRo1EPU6JBnra2vGHj0yhp6ebyjBZpmUCLHWiFhxlzvBCCpAuZ7elsBp1PVAbQN0/04VD/19rfzlBSwLstMw==, registry: https://registry.npm.taobao.org/, tarball: https://registry.npmmirror.com/parse-asn1/-/parse-asn1-5.1.6.tgz}
    name: parse-asn1
    version: 5.1.6
    dependencies:
      asn1.js: registry.npmmirror.com/asn1.js@5.4.1
      browserify-aes: registry.npmmirror.com/browserify-aes@1.2.0
      evp_bytestokey: registry.npmmirror.com/evp_bytestokey@1.0.3
      pbkdf2: registry.npmmirror.com/pbkdf2@3.1.2
      safe-buffer: registry.npmmirror.com/safe-buffer@5.2.1
    dev: false

  registry.npmmirror.com/pbkdf2@3.1.2:
    resolution: {integrity: sha512-iuh7L6jA7JEGu2WxDwtQP1ddOpaJNC4KlDEFfdQajSGgGPNi4OyDc2R7QnbY2bR9QjBVGwgvTdNJZoE7RaxUMA==, registry: https://registry.npm.taobao.org/, tarball: https://registry.npmmirror.com/pbkdf2/-/pbkdf2-3.1.2.tgz}
    name: pbkdf2
    version: 3.1.2
    engines: {node: '>=0.12'}
    dependencies:
      create-hash: registry.npmmirror.com/create-hash@1.2.0
      create-hmac: registry.npmmirror.com/create-hmac@1.1.7
      ripemd160: registry.npmmirror.com/ripemd160@2.0.2
      safe-buffer: registry.npmmirror.com/safe-buffer@5.2.1
      sha.js: registry.npmmirror.com/sha.js@2.4.11
    dev: false

  registry.npmmirror.com/public-encrypt@4.0.3:
    resolution: {integrity: sha512-zVpa8oKZSz5bTMTFClc1fQOnyyEzpl5ozpi1B5YcvBrdohMjH2rfsBtyXcuNuwjsDIXmBYlF2N5FlJYhR29t8Q==, registry: https://registry.npm.taobao.org/, tarball: https://registry.npmmirror.com/public-encrypt/-/public-encrypt-4.0.3.tgz}
    name: public-encrypt
    version: 4.0.3
    dependencies:
      bn.js: registry.npmmirror.com/bn.js@4.12.0
      browserify-rsa: registry.npmmirror.com/browserify-rsa@4.1.0
      create-hash: registry.npmmirror.com/create-hash@1.2.0
      parse-asn1: registry.npmmirror.com/parse-asn1@5.1.6
      randombytes: registry.npmmirror.com/randombytes@2.1.0
      safe-buffer: registry.npmmirror.com/safe-buffer@5.2.1
    dev: false

  registry.npmmirror.com/randombytes@2.1.0:
    resolution: {integrity: sha512-vYl3iOX+4CKUWuxGi9Ukhie6fsqXqS9FE2Zaic4tNFD2N2QQaXOMFbuKK4QmDHC0JO6B1Zp41J0LpT0oR68amQ==, registry: https://registry.npm.taobao.org/, tarball: https://registry.npmmirror.com/randombytes/-/randombytes-2.1.0.tgz}
    name: randombytes
    version: 2.1.0
    dependencies:
      safe-buffer: registry.npmmirror.com/safe-buffer@5.2.1
    dev: false

  registry.npmmirror.com/randomfill@1.0.4:
    resolution: {integrity: sha512-87lcbR8+MhcWcUiQ+9e+Rwx8MyR2P7qnt15ynUlbm3TU/fjbgz4GsvfSUDTemtCCtVCqb4ZcEFlyPNTh9bBTLw==, registry: https://registry.npm.taobao.org/, tarball: https://registry.npmmirror.com/randomfill/-/randomfill-1.0.4.tgz}
    name: randomfill
    version: 1.0.4
    dependencies:
      randombytes: registry.npmmirror.com/randombytes@2.1.0
      safe-buffer: registry.npmmirror.com/safe-buffer@5.2.1
    dev: false

  registry.npmmirror.com/readable-stream@3.6.2:
    resolution: {integrity: sha512-9u/sniCrY3D5WdsERHzHE4G2YCXqoG5FTHUiCC4SIbr6XcLZBY05ya9EKjYek9O5xOAwjGq+1JdGBAS7Q9ScoA==, registry: https://registry.npm.taobao.org/, tarball: https://registry.npmmirror.com/readable-stream/-/readable-stream-3.6.2.tgz}
    name: readable-stream
    version: 3.6.2
    engines: {node: '>= 6'}
    dependencies:
      inherits: registry.npmmirror.com/inherits@2.0.4
      string_decoder: registry.npmmirror.com/string_decoder@1.3.0
      util-deprecate: registry.npmmirror.com/util-deprecate@1.0.2
    dev: false

  registry.npmmirror.com/ripemd160@2.0.2:
    resolution: {integrity: sha512-ii4iagi25WusVoiC4B4lq7pbXfAp3D9v5CwfkY33vffw2+pkDjY1D8GaN7spsxvCSx8dkPqOZCEZyfxcmJG2IA==, registry: https://registry.npm.taobao.org/, tarball: https://registry.npmmirror.com/ripemd160/-/ripemd160-2.0.2.tgz}
    name: ripemd160
    version: 2.0.2
    dependencies:
      hash-base: registry.npmmirror.com/hash-base@3.1.0
      inherits: registry.npmmirror.com/inherits@2.0.4
    dev: false

  registry.npmmirror.com/safe-buffer@5.2.1:
    resolution: {integrity: sha512-rp3So07KcdmmKbGvgaNxQSJr7bGVSVk5S9Eq1F+ppbRo70+YeaDxkw5Dd8NPN+GD6bjnYm2VuPuCXmpuYvmCXQ==, registry: https://registry.npm.taobao.org/, tarball: https://registry.npmmirror.com/safe-buffer/-/safe-buffer-5.2.1.tgz}
    name: safe-buffer
    version: 5.2.1
    dev: false

  registry.npmmirror.com/safer-buffer@2.1.2:
    resolution: {integrity: sha512-YZo3K82SD7Riyi0E1EQPojLz7kpepnSQI9IyPbHHg1XXXevb5dJI7tpyN2ADxGcQbHG7vcyRHk0cbwqcQriUtg==, registry: https://registry.npm.taobao.org/, tarball: https://registry.npmmirror.com/safer-buffer/-/safer-buffer-2.1.2.tgz}
    name: safer-buffer
    version: 2.1.2
    dev: false

  registry.npmmirror.com/sha.js@2.4.11:
    resolution: {integrity: sha512-QMEp5B7cftE7APOjk5Y6xgrbWu+WkLVQwk8JNjZ8nKRciZaByEW6MubieAiToS7+dwvrjGhH8jRXz3MVd0AYqQ==, registry: https://registry.npm.taobao.org/, tarball: https://registry.npmmirror.com/sha.js/-/sha.js-2.4.11.tgz}
    name: sha.js
    version: 2.4.11
    hasBin: true
    dependencies:
      inherits: registry.npmmirror.com/inherits@2.0.4
      safe-buffer: registry.npmmirror.com/safe-buffer@5.2.1
    dev: false

  registry.npmmirror.com/string_decoder@1.3.0:
    resolution: {integrity: sha512-hkRX8U1WjJFd8LsDJ2yQ/wWWxaopEsABU1XfkM8A+j0+85JAGppt16cr1Whg6KIbb4okU6Mql6BOj+uup/wKeA==, registry: https://registry.npm.taobao.org/, tarball: https://registry.npmmirror.com/string_decoder/-/string_decoder-1.3.0.tgz}
    name: string_decoder
    version: 1.3.0
    dependencies:
      safe-buffer: registry.npmmirror.com/safe-buffer@5.2.1
    dev: false

  registry.npmmirror.com/util-deprecate@1.0.2:
    resolution: {integrity: sha512-EPD5q1uXyFxJpCrLnCc1nHnq3gOa6DZBocAIiI2TaSCA7VCJ1UJDMagCzIkXNsUYfD1daK//LTEQ8xiIbrHtcw==, registry: https://registry.npm.taobao.org/, tarball: https://registry.npmmirror.com/util-deprecate/-/util-deprecate-1.0.2.tgz}
    name: util-deprecate
    version: 1.0.2
    dev: false
